
Microsoft Visual Studio Solution File, Format Version 12.00
# Visual Studio Version 17
VisualStudioVersion = 17.3.32825.248
MinimumVisualStudioVersion = 10.0.40219.1
Project("{FAE04EC0-301F-11D3-BF4B-00C04F79EFBC}") = "lab8.3", "lab8.3\lab8.3.csproj", "{C5034FEC-111D-42FE-AA8F-5F73F3DF3E33}"
EndProject
Global
	GlobalSection(SolutionConfigurationPlatforms) = preSolution
		Debug|Any CPU = Debug|Any CPU
		Release|Any CPU = Release|Any CPU
	EndGlobalSection
	GlobalSection(ProjectConfigurationPlatforms) = postSolution
		{C5034FEC-111D-42FE-AA8F-5F73F3DF3E33}.Debug|Any CPU.ActiveCfg = Debug|Any CPU
		{C5034FEC-111D-42FE-AA8F-5F73F3DF3E33}.Debug|Any CPU.Build.0 = Debug|Any CPU
		{C5034FEC-111D-42FE-AA8F-5F73F3DF3E33}.Release|Any CPU.ActiveCfg = Release|Any CPU
		{C5034FEC-111D-42FE-AA8F-5F73F3DF3E33}.Release|Any CPU.Build.0 = Release|Any CPU
	EndGlobalSection
	GlobalSection(SolutionProperties) = preSolution
		HideSolutionNode = FALSE
	EndGlobalSection
	GlobalSection(ExtensibilityGlobals) = postSolution
		SolutionGuid = {C83BA1EE-0E00-4263-B78C-699B257DBE4B}
	EndGlobalSection
EndGlobal
